
Microsoft Visual Studio Solution File, Format Version 12.00
# Visual Studio Version 16
VisualStudioVersion = 16.0.30128.74
MinimumVisualStudioVersion = 10.0.40219.1
Project("{FAE04EC0-301F-11D3-BF4B-00C04F79EFBC}") = "PaintPatterns", "PaintPatterns.csproj", "{BB813D01-6F01-4691-96DB-4D414E473445}"
EndProject
Global
	GlobalSection(SolutionConfigurationPlatforms) = preSolution
		Debug|Any CPU = Debug|Any CPU
		Release|Any CPU = Release|Any CPU
	EndGlobalSection
	GlobalSection(ProjectConfigurationPlatforms) = postSolution
		{BB813D01-6F01-4691-96DB-4D414E473445}.Debug|Any CPU.ActiveCfg = Debug|Any CPU
		{BB813D01-6F01-4691-96DB-4D414E473445}.Debug|Any CPU.Build.0 = Debug|Any CPU
		{BB813D01-6F01-4691-96DB-4D414E473445}.Release|Any CPU.ActiveCfg = Release|Any CPU
		{BB813D01-6F01-4691-96DB-4D414E473445}.Release|Any CPU.Build.0 = Release|Any CPU
	EndGlobalSection
	GlobalSection(SolutionProperties) = preSolution
		HideSolutionNode = FALSE
	EndGlobalSection
	GlobalSection(ExtensibilityGlobals) = postSolution
		SolutionGuid = {D7C9DF81-D265-45F8-8627-E434E8AB2A8A}
	EndGlobalSection
EndGlobal
